version = 1
requires-python = ">=3.12"

[[package]]
name = "checker-client"
version = "0.1.0"
source = { virtual = "." }
dependencies = [
    { name = "grpc-stubs" },
    { name = "grpcio" },
    { name = "grpcio-tools" },
    { name = "mypy" },
    { name = "mypy-protobuf" },
    { name = "protobuf" },
    { name = "ruff" },
    { name = "scapy" },
    { name = "types-protobuf" },
]

[package.metadata]
requires-dist = [
    { name = "grpc-stubs", specifier = ">=1.53.0.5" },
    { name = "grpcio", specifier = ">=1.67.0" },
    { name = "grpcio-tools", specifier = ">=1.67.0" },
    { name = "mypy", specifier = ">=1.12.1" },
    { name = "mypy-protobuf", specifier = ">=3.6.0" },
    { name = "protobuf", specifier = "==5.27.2" },
    { name = "ruff", specifier = ">=0.7.0" },
    { name = "scapy" },
    { name = "types-protobuf", specifier = ">=5.28.0.20240924" },
]

[[package]]
name = "grpc-stubs"
version = "1.53.0.5"
source = { registry = "https://pypi.org/simple" }
dependencies = [
    { name = "grpcio" },
]
sdist = { url = "https://files.pythonhosted.org/packages/55/8d/14c6b8c2fa5d82ffe96aed53b1c38e2a9fb6a57c5836966545f3080e5adc/grpc-stubs-1.53.0.5.tar.gz", hash = "sha256:3e1b642775cbc3e0c6332cfcedfccb022176db87e518757bef3a1241397be406", size = 14259 }
wheels = [
    { url = "https://files.pythonhosted.org/packages/e0/86/147d2ccaf9b4b81407734b9abc1152aff39836e8e05be3bf069f9374c021/grpc_stubs-1.53.0.5-py3-none-any.whl", hash = "sha256:04183fb65a1b166a1febb9627e3d9647d3926ccc2dfe049fe7b6af243428dbe1", size = 16497 },
]

[[package]]
name = "grpcio"
version = "1.67.0"
source = { registry = "https://pypi.org/simple" }
sdist = { url = "https://files.pythonhosted.org/packages/ec/ae/3c47d71ab4abd4bd60a7e2806071fe0a4b6937b9eabe522291787087ea1f/grpcio-1.67.0.tar.gz", hash = "sha256:e090b2553e0da1c875449c8e75073dd4415dd71c9bde6a406240fdf4c0ee467c", size = 12569330 }
wheels = [
    { url = "https://files.pythonhosted.org/packages/b0/2d/b2a783f1d93735a259676de5558ef019ac3511e894b8e9d224edc0d7d034/grpcio-1.67.0-cp312-cp312-linux_armv7l.whl", hash = "sha256:227316b5631260e0bef8a3ce04fa7db4cc81756fea1258b007950b6efc90c05d", size = 5086495 },
    { url = "https://files.pythonhosted.org/packages/7b/13/c1f537a88dad543ca0a7be4dfee80a21b3b02b7df27750997777355e5840/grpcio-1.67.0-cp312-cp312-macosx_10_9_universal2.whl", hash = "sha256:d90cfdafcf4b45a7a076e3e2a58e7bc3d59c698c4f6470b0bb13a4d869cf2273", size = 10979109 },
    { url = "https://files.pythonhosted.org/packages/b7/83/d7cb72f2202fe8d608d25c7e9d6d75184bf6ef658688c818821add102211/grpcio-1.67.0-cp312-cp312-manylinux_2_17_aarch64.whl", hash = "sha256:77196216d5dd6f99af1c51e235af2dd339159f657280e65ce7e12c1a8feffd1d", size = 5586952 },
    { url = "https://files.pythonhosted.org/packages/e5/18/8df585d0158af9e2b46ee2388bdb21de0e7f5bf4a47a86a861ebdbf947b5/grpcio-1.67.0-cp312-cp312-manylinux_2_17_i686.manylinux2014_i686.whl", hash = "sha256:15c05a26a0f7047f720da41dc49406b395c1470eef44ff7e2c506a47ac2c0591", size = 6212460 },
    { url = "https://files.pythonhosted.org/packages/47/46/027f8943113961784ce1eb69a28544d9a62ffb286332820ba634d979c91c/grpcio-1.67.0-cp312-cp312-manylinux_2_17_x86_64.manylinux2014_x86_64.whl", hash = "sha256:3840994689cc8cbb73d60485c594424ad8adb56c71a30d8948d6453083624b52", size = 5849002 },
    { url = "https://files.pythonhosted.org/packages/eb/26/fb19d5bc277e665382c835d7af1f8c1e3197576eed76327824d79e2a4bef/grpcio-1.67.0-cp312-cp312-musllinux_1_1_i686.whl", hash = "sha256:5a1e03c3102b6451028d5dc9f8591131d6ab3c8a0e023d94c28cb930ed4b5f81", size = 6568222 },
    { url = "https://files.pythonhosted.org/packages/e0/cc/387efa986f166c068d48331c699e6ee662a057371065f35d3ca1bc09d799/grpcio-1.67.0-cp312-cp312-musllinux_1_1_x86_64.whl", hash = "sha256:682968427a63d898759474e3b3178d42546e878fdce034fd7474ef75143b64e3", size = 6148002 },
    { url = "https://files.pythonhosted.org/packages/24/57/529504e3e3e910f0537a0a36184cb7241d0d111109d6588096a9f8c139bf/grpcio-1.67.0-cp312-cp312-win32.whl", hash = "sha256:d01793653248f49cf47e5695e0a79805b1d9d4eacef85b310118ba1dfcd1b955", size = 3596220 },
    { url = "https://files.pythonhosted.org/packages/1d/1f/acf03ee901313446d52c3916d527d4981de9f6f3edc69267d05509dcfa7b/grpcio-1.67.0-cp312-cp312-win_amd64.whl", hash = "sha256:985b2686f786f3e20326c4367eebdaed3e7aa65848260ff0c6644f817042cb15", size = 4343545 },
    { url = "https://files.pythonhosted.org/packages/7a/e7/cc7feccb18ef0b5aa67ccb7859a091fa836c5d361a0109b9fca578e59e64/grpcio-1.67.0-cp313-cp313-linux_armv7l.whl", hash = "sha256:8c9a35b8bc50db35ab8e3e02a4f2a35cfba46c8705c3911c34ce343bd777813a", size = 5087009 },
    { url = "https://files.pythonhosted.org/packages/bd/56/10175f4b1600b16e601680df053361924a9fcd9e1c0ad9b8bd1ba2b4c864/grpcio-1.67.0-cp313-cp313-macosx_10_13_universal2.whl", hash = "sha256:42199e704095b62688998c2d84c89e59a26a7d5d32eed86d43dc90e7a3bd04aa", size = 10937553 },
    { url = "https://files.pythonhosted.org/packages/aa/85/115538b1aeb09d66c6e637608a56eddacd59eb71ab0161ad59172c01d436/grpcio-1.67.0-cp313-cp313-manylinux_2_17_aarch64.whl", hash = "sha256:c4c425f440fb81f8d0237c07b9322fc0fb6ee2b29fbef5f62a322ff8fcce240d", size = 5586507 },
    { url = "https://files.pythonhosted.org/packages/0f/db/f402a455e287154683235183c2843c27fffe2fc03fa4c45b57dd90011401/grpcio-1.67.0-cp313-cp313-manylinux_2_17_i686.manylinux2014_i686.whl", hash = "sha256:323741b6699cd2b04a71cb38f502db98f90532e8a40cb675393d248126a268af", size = 6211948 },
    { url = "https://files.pythonhosted.org/packages/92/e4/5957806105aad556f7df6a420b6c69044b6f707926392118772a8ba96de4/grpcio-1.67.0-cp313-cp313-manylinux_2_17_x86_64.manylinux2014_x86_64.whl", hash = "sha256:662c8e105c5e5cee0317d500eb186ed7a93229586e431c1bf0c9236c2407352c", size = 5849392 },
    { url = "https://files.pythonhosted.org/packages/88/ab/c496a406f4682c56e933bef6b0ed22b9eaec84c6915f83d5cddd94126e16/grpcio-1.67.0-cp313-cp313-musllinux_1_1_i686.whl", hash = "sha256:f6bd2ab135c64a4d1e9e44679a616c9bc944547357c830fafea5c3caa3de5153", size = 6571359 },
    { url = "https://files.pythonhosted.org/packages/9e/a8/96b3ef565791d7282c300c07c2a7080471311e7d5a239db15678aaac47eb/grpcio-1.67.0-cp313-cp313-musllinux_1_1_x86_64.whl", hash = "sha256:2f55c1e0e2ae9bdd23b3c63459ee4c06d223b68aeb1961d83c48fb63dc29bc03", size = 6147905 },
    { url = "https://files.pythonhosted.org/packages/cd/b7/846cc563209ff5af88bc7dcb269948210674c2f743e7fd8e1a2ad9708e89/grpcio-1.67.0-cp313-cp313-win32.whl", hash = "sha256:fd6bc27861e460fe28e94226e3673d46e294ca4673d46b224428d197c5935e69", size = 3594603 },
    { url = "https://files.pythonhosted.org/packages/bd/74/49d27908b369b72fd3373ec0f16d7f58614fb7101cb38b266afeab846cca/grpcio-1.67.0-cp313-cp313-win_amd64.whl", hash = "sha256:cf51d28063338608cd8d3cd64677e922134837902b70ce00dad7f116e3998210", size = 4345468 },
]

[[package]]
name = "grpcio-tools"
version = "1.67.0"
source = { registry = "https://pypi.org/simple" }
dependencies = [
    { name = "grpcio" },
    { name = "protobuf" },
    { name = "setuptools" },
]
sdist = { url = "https://files.pythonhosted.org/packages/e7/f8/62e15867651b72f6f95313e21d81f5f1c210b69a4cc664aecf52ec4c8a53/grpcio_tools-1.67.0.tar.gz", hash = "sha256:181b3d4e61b83142c182ec366f3079b0023509743986e54c9465ca38cac255f8", size = 5159163 }
wheels = [
    { url = "https://files.pythonhosted.org/packages/d6/b6/57e67c0244db8d7c0c312041293b806bfb1c9d66c26159e6faf39cc10356/grpcio_tools-1.67.0-cp312-cp312-linux_armv7l.whl", hash = "sha256:dca7f053cbdb26a587d4410ddb893877c585fb60a31f22fdd128e4f7c4dab27c", size = 2307646 },
    { url = "https://files.pythonhosted.org/packages/52/43/837f08b85b04ac225aebe1d7da1a7a79fc313f231306c865b5112cef7dc4/grpcio_tools-1.67.0-cp312-cp312-macosx_10_9_universal2.whl", hash = "sha256:de8c4f68ffa690769d84329c17c7fdd5fbe4c61b8f8a0de03f1ad8ef8bb06963", size = 5525447 },
    { url = "https://files.pythonhosted.org/packages/3e/5f/adb8b87f5c403ba53529b6645184beddfa63abf2c524a6dabaa430e6bab3/grpcio_tools-1.67.0-cp312-cp312-manylinux_2_17_aarch64.whl", hash = "sha256:6e4ecb24c27a78f09fead45d4ed873805d6026124ccb6793b6fb93a490b78ddf", size = 2281767 },
    { url = "https://files.pythonhosted.org/packages/6e/cd/3d6a7971e28b96cb618abb281325517443744ecfe48aa03f27a17cd5d4e1/grpcio_tools-1.67.0-cp312-cp312-manylinux_2_17_i686.manylinux2014_i686.whl", hash = "sha256:004d6ef1b5f724480f05c0bdc904bf8c78c43d633c537d99abe51b52ce0cadeb", size = 2617363 },
    { url = "https://files.pythonhosted.org/packages/2d/a9/b8f1eae3db0f1b6f9548bd2032f48cb6f1ec9bc6781436d52dff4b352fab/grpcio_tools-1.67.0-cp312-cp312-manylinux_2_17_x86_64.manylinux2014_x86_64.whl", hash = "sha256:9dd257072c86eb9b36791b3674a513a215ba76bbdd38fc228f0e8c6dc5ce3524", size = 2415322 },
    { url = "https://files.pythonhosted.org/packages/9b/fc/0045bf2e5c97a5ffe0ff2c9a4e4a62894402e8d7094162c2084a809c9d1c/grpcio_tools-1.67.0-cp312-cp312-musllinux_1_1_i686.whl", hash = "sha256:a8cca551317ed26e17d13b6ee27b2bd62f5fe9b3842b4e88389deb984f995848", size = 3225044 },
    { url = "https://files.pythonhosted.org/packages/dc/73/eaf40958dd648dd98a0fbd30df2b51c5beb7ee24127c1f0bb99ea44fd435/grpcio_tools-1.67.0-cp312-cp312-musllinux_1_1_x86_64.whl", hash = "sha256:a7ac3b4f837c693142f6688b629d1f6408f6ab250d927159b572555f5339fe25", size = 2870418 },
    { url = "https://files.pythonhosted.org/packages/b4/77/e307e91816123444ff657bbae2269cb912f31a9390118ed371bde9d0c1f3/grpcio_tools-1.67.0-cp312-cp312-win32.whl", hash = "sha256:95feec33388e2a8f72c360a68efe6f0bfed9c771e94d21b7f2359d0010f60219", size = 940540 },
    { url = "https://files.pythonhosted.org/packages/be/2a/0c1a64e88fbc17235b68d3178be6cf4a69aea5bd1deed683c0bbd2f5e9f9/grpcio_tools-1.67.0-cp312-cp312-win_amd64.whl", hash = "sha256:50a31d035193ebe7154181eac84734e25bdcdb36adba849d3b2adf1c3b0c382b", size = 1090427 },
    { url = "https://files.pythonhosted.org/packages/1e/44/cfe3aa14158d8becffd7823d5147039378d448097fb91ec723ad8b6d60cb/grpcio_tools-1.67.0-cp313-cp313-linux_armv7l.whl", hash = "sha256:9ecb7c2e5da052a3feaeaa83d8f2a946a8feec8a50751b0e6175da982b49ebb1", size = 2307454 },
    { url = "https://files.pythonhosted.org/packages/46/9c/99b345764b355b11f1ea7d160276e9eb9d32a1c77e4bfaa2db3de025f7d2/grpcio_tools-1.67.0-cp313-cp313-macosx_10_13_universal2.whl", hash = "sha256:3c52164f2b9d41c6d75464bb45f45737dcb421e92e98d85d94fda100c67a24d8", size = 5518036 },
    { url = "https://files.pythonhosted.org/packages/e8/8d/f1b4378335f39f37f9b440b26e7ecaa19660eef6b438ac7d8c5ad7e96d73/grpcio_tools-1.67.0-cp313-cp313-manylinux_2_17_aarch64.whl", hash = "sha256:471f58b919767290260d427dd9b760796e6208ee5fcda2f76bb8bd585ff842ec", size = 2281084 },
    { url = "https://files.pythonhosted.org/packages/27/ec/c31e5ec4d01f17e38fce03dfc3e47880bc25e1dd681fffe00fab04e21e33/grpcio_tools-1.67.0-cp313-cp313-manylinux_2_17_i686.manylinux2014_i686.whl", hash = "sha256:72c6bcdf38f672721c093c92b1fb1f9a02a365acc5bd42e1c69fe6e904b26081", size = 2616930 },
    { url = "https://files.pythonhosted.org/packages/b5/2b/82f3451ad9471ba946ca0e2ff43dc3269030d5e963d86d1cfe199e07dc38/grpcio_tools-1.67.0-cp313-cp313-manylinux_2_17_x86_64.manylinux2014_x86_64.whl", hash = "sha256:833b1eb9c03d28a798294523f75294055eff78fa897adf797876337b901afeb9", size = 2414635 },
    { url = "https://files.pythonhosted.org/packages/89/59/2811cb32947f21075c0b53a87aa652653154e6db3f03766e29b1f80a4bb6/grpcio_tools-1.67.0-cp313-cp313-musllinux_1_1_i686.whl", hash = "sha256:1db92ad6ade1946fc5705eb04956fcfdb3a0a4682de8dc3fce31cb97b6e4fcb8", size = 3224330 },
    { url = "https://files.pythonhosted.org/packages/3f/25/dde7cef6e639dae24e93f4385e689f554a1d2a531d5703786a6b7b8366f3/grpcio_tools-1.67.0-cp313-cp313-musllinux_1_1_x86_64.whl", hash = "sha256:38128310ded818e1044c0cd0979d76f7c0d3c3946a526a8aa39cd258624c3bf3", size = 2869633 },
    { url = "https://files.pythonhosted.org/packages/6f/dc/313bbdc01e4bd062d1e86cf667d81338670b9f44afa81a7b4e5ebf566ff4/grpcio_tools-1.67.0-cp313-cp313-win32.whl", hash = "sha256:db57930dc20ab678311727883bdb9f122daf06c14f3fd3067c9ccedb7eb056c3", size = 939997 },
    { url = "https://files.pythonhosted.org/packages/9e/07/5227eb621973b6afe7e6b3d4c637ed14069b7f5f7f45cc804c59df791304/grpcio_tools-1.67.0-cp313-cp313-win_amd64.whl", hash = "sha256:7de44d8d3bb920a4973a559f2950d03382fa4aed4880306416ffa73d24838477", size = 1089819 },
]

[[package]]
name = "mypy"
version = "1.12.1"
source = { registry = "https://pypi.org/simple" }
dependencies = [
    { name = "mypy-extensions" },
    { name = "typing-extensions" },
]
sdist = { url = "https://files.pythonhosted.org/packages/17/03/744330105a74dc004578f47ec27e1bf66b1dd5664ea444d18423e41343bd/mypy-1.12.1.tar.gz", hash = "sha256:f5b3936f7a6d0e8280c9bdef94c7ce4847f5cdfc258fbb2c29a8c1711e8bb96d", size = 3150767 }
wheels = [
    { url = "https://files.pythonhosted.org/packages/8a/74/b9e0e4f06e951e277058f878302faa154d282ca11274c59fe08353f52949/mypy-1.12.1-cp312-cp312-macosx_10_13_x86_64.whl", hash = "sha256:9fb83a7be97c498176fb7486cafbb81decccaef1ac339d837c377b0ce3743a7f", size = 11079902 },
    { url = "https://files.pythonhosted.org/packages/9f/62/fcad290769db3eb0de265094cef5c94d6075c70bc1e42b67eee4ca192dcc/mypy-1.12.1-cp312-cp312-macosx_11_0_arm64.whl", hash = "sha256:389e307e333879c571029d5b93932cf838b811d3f5395ed1ad05086b52148fb0", size = 10072373 },
    { url = "https://files.pythonhosted.org/packages/cb/27/9ac78349c2952e4446288ec1174675ab9e0160ed18c2cb1154fa456c54e8/mypy-1.12.1-cp312-cp312-manylinux_2_17_x86_64.manylinux2014_x86_64.manylinux_2_28_x86_64.whl", hash = "sha256:94b2048a95a21f7a9ebc9fbd075a4fcd310410d078aa0228dbbad7f71335e042", size = 12589779 },
    { url = "https://files.pythonhosted.org/packages/7c/4a/58cebd122cf1cba95680ac51303fbeb508392413ca64e3e711aa7d4877aa/mypy-1.12.1-cp312-cp312-musllinux_1_1_x86_64.whl", hash = "sha256:4ee5932370ccf7ebf83f79d1c157a5929d7ea36313027b0d70a488493dc1b179", size = 13044459 },
    { url = "https://files.pythonhosted.org/packages/5b/c7/672935e2a3f9bcc07b1b870395a653f665657bef3cdaa504ad99f56eadf0/mypy-1.12.1-cp312-cp312-win_amd64.whl", hash = "sha256:19bf51f87a295e7ab2894f1d8167622b063492d754e69c3c2fed6563268cb42a", size = 9731919 },
    { url = "https://files.pythonhosted.org/packages/bb/b0/092be5094840a401940c95224f63bb2a8f09bce9251ac1df180ec523830c/mypy-1.12.1-cp313-cp313-macosx_10_13_x86_64.whl", hash = "sha256:d34167d43613ffb1d6c6cdc0cc043bb106cac0aa5d6a4171f77ab92a3c758bcc", size = 11068611 },
    { url = "https://files.pythonhosted.org/packages/9a/86/f20f53b8f062876c39602243d7a59b5cabd6b24315d8de511d607fa4de6a/mypy-1.12.1-cp313-cp313-macosx_11_0_arm64.whl", hash = "sha256:427878aa54f2e2c5d8db31fa9010c599ed9f994b3b49e64ae9cd9990c40bd635", size = 10068036 },
    { url = "https://files.pythonhosted.org/packages/84/c7/1dbd6575785522da1d4c1ac2c419505fcf23bee74811880cac447a4a77ab/mypy-1.12.1-cp313-cp313-manylinux_2_17_x86_64.manylinux2014_x86_64.manylinux_2_28_x86_64.whl", hash = "sha256:5fcde63ea2c9f69d6be859a1e6dd35955e87fa81de95bc240143cf00de1f7f81", size = 12585671 },
    { url = "https://files.pythonhosted.org/packages/46/8a/f6ae18b446eb2bccce54c4bd94065bcfe417d6c67021dcc032bf1e720aff/mypy-1.12.1-cp313-cp313-musllinux_1_1_x86_64.whl", hash = "sha256:d54d840f6c052929f4a3d2aab2066af0f45a020b085fe0e40d4583db52aab4e4", size = 13036083 },
    { url = "https://files.pythonhosted.org/packages/59/e6/fc65fde3dc7156fce8d49ba21c7b1f5d866ad50467bf196ca94a7f6d2c9e/mypy-1.12.1-cp313-cp313-win_amd64.whl", hash = "sha256:20db6eb1ca3d1de8ece00033b12f793f1ea9da767334b7e8c626a4872090cf02", size = 9735467 },
    { url = "https://files.pythonhosted.org/packages/84/6b/1db9de4e0764778251fb2d64cb7455cf6db75dc99c9f72c8b7e74b6a8a17/mypy-1.12.1-py3-none-any.whl", hash = "sha256:ce561a09e3bb9863ab77edf29ae3a50e65685ad74bba1431278185b7e5d5486e", size = 2646060 },
]

[[package]]
name = "mypy-extensions"
version = "1.0.0"
source = { registry = "https://pypi.org/simple" }
sdist = { url = "https://files.pythonhosted.org/packages/98/a4/1ab47638b92648243faf97a5aeb6ea83059cc3624972ab6b8d2316078d3f/mypy_extensions-1.0.0.tar.gz", hash = "sha256:75dbf8955dc00442a438fc4d0666508a9a97b6bd41aa2f0ffe9d2f2725af0782", size = 4433 }
wheels = [
    { url = "https://files.pythonhosted.org/packages/2a/e2/5d3f6ada4297caebe1a2add3b126fe800c96f56dbe5d1988a2cbe0b267aa/mypy_extensions-1.0.0-py3-none-any.whl", hash = "sha256:4392f6c0eb8a5668a69e23d168ffa70f0be9ccfd32b5cc2d26a34ae5b844552d", size = 4695 },
]

[[package]]
name = "mypy-protobuf"
version = "3.6.0"
source = { registry = "https://pypi.org/simple" }
dependencies = [
    { name = "protobuf" },
    { name = "types-protobuf" },
]
sdist = { url = "https://files.pythonhosted.org/packages/4d/6f/282d64d66bf48ce60e38a6560753f784e0f88ab245ac2fb5e93f701a36cd/mypy-protobuf-3.6.0.tar.gz", hash = "sha256:02f242eb3409f66889f2b1a3aa58356ec4d909cdd0f93115622e9e70366eca3c", size = 24445 }
wheels = [
    { url = "https://files.pythonhosted.org/packages/e8/73/d6b999782ae22f16971cc05378b3b33f6a89ede3b9619e8366aa23484bca/mypy_protobuf-3.6.0-py3-none-any.whl", hash = "sha256:56176e4d569070e7350ea620262478b49b7efceba4103d468448f1d21492fd6c", size = 16434 },
]

[[package]]
name = "protobuf"
version = "5.27.2"
source = { registry = "https://pypi.org/simple" }
sdist = { url = "https://files.pythonhosted.org/packages/71/a5/d61e4263e62e6db1990c120d682870e5c50a30fb6b26119a214c7a014847/protobuf-5.27.2.tar.gz", hash = "sha256:f3ecdef226b9af856075f28227ff2c90ce3a594d092c39bee5513573f25e2714", size = 401640 }
wheels = [
    { url = "https://files.pythonhosted.org/packages/e9/9d/318d07d4edd1dc1a29ae67f7bb42b6e8a570f817ebe8608bf3c9c518d4e8/protobuf-5.27.2-cp310-abi3-win32.whl", hash = "sha256:354d84fac2b0d76062e9b3221f4abbbacdfd2a4d8af36bab0474f3a0bb30ab38", size = 405829 },
    { url = "https://files.pythonhosted.org/packages/b1/04/73b8fd7f34f3a2b2b64aa31a173b8aebbdb0c55523df4c027846bb44bc1e/protobuf-5.27.2-cp310-abi3-win_amd64.whl", hash = "sha256:0e341109c609749d501986b835f667c6e1e24531096cff9d34ae411595e26505", size = 426919 },
    { url = "https://files.pythonhosted.org/packages/75/44/6ae304790fad936bb4cf09907a05d669b7600458a02b6c960fdaaeeab06e/protobuf-5.27.2-cp38-abi3-macosx_10_9_universal2.whl", hash = "sha256:a109916aaac42bff84702fb5187f3edadbc7c97fc2c99c5ff81dd15dcce0d1e5", size = 412246 },
    { url = "https://files.pythonhosted.org/packages/cd/c7/a534268f9c3780be1ba50f5ed96243fa9cf6224a445de662c34e91ce0e61/protobuf-5.27.2-cp38-abi3-manylinux2014_aarch64.whl", hash = "sha256:176c12b1f1c880bf7a76d9f7c75822b6a2bc3db2d28baa4d300e8ce4cde7409b", size = 307143 },
    { url = "https://files.pythonhosted.org/packages/27/e4/8dc4546be46873f8950cb44cdfe19b79d66d26e53c4ee5e3440406257fcd/protobuf-5.27.2-cp38-abi3-manylinux2014_x86_64.whl", hash = "sha256:b848dbe1d57ed7c191dfc4ea64b8b004a3f9ece4bf4d0d80a367b76df20bf36e", size = 309259 },
    { url = "https://files.pythonhosted.org/packages/3a/fa/4c3ac5527ed2e5f3577167ecd5f8180ffcdc8bdd59c9f143409c19706456/protobuf-5.27.2-py3-none-any.whl", hash = "sha256:54330f07e4949d09614707c48b06d1a22f8ffb5763c159efd5c0928326a91470", size = 164772 },
]

[[package]]
name = "ruff"
version = "0.7.0"
source = { registry = "https://pypi.org/simple" }
sdist = { url = "https://files.pythonhosted.org/packages/2c/c7/f3367d1da5d568192968c5c9e7f3d51fb317b9ac04828493b23d8fce8ce6/ruff-0.7.0.tar.gz", hash = "sha256:47a86360cf62d9cd53ebfb0b5eb0e882193fc191c6d717e8bef4462bc3b9ea2b", size = 3146645 }
wheels = [
    { url = "https://files.pythonhosted.org/packages/48/59/a0275a0913f3539498d116046dd679cd657fe3b7caf5afe1733319414932/ruff-0.7.0-py3-none-linux_armv6l.whl", hash = "sha256:0cdf20c2b6ff98e37df47b2b0bd3a34aaa155f59a11182c1303cce79be715628", size = 10434007 },
    { url = "https://files.pythonhosted.org/packages/cd/94/da0ba5f956d04c90dd899209904210600009dcda039ce840d83eb4298c7d/ruff-0.7.0-py3-none-macosx_10_12_x86_64.whl", hash = "sha256:496494d350c7fdeb36ca4ef1c9f21d80d182423718782222c29b3e72b3512737", size = 10048066 },
    { url = "https://files.pythonhosted.org/packages/57/1d/e5cc149ecc46e4f203403a79ccd170fad52d316f98b87d0f63b1945567db/ruff-0.7.0-py3-none-macosx_11_0_arm64.whl", hash = "sha256:214b88498684e20b6b2b8852c01d50f0651f3cc6118dfa113b4def9f14faaf06", size = 9711389 },
    { url = "https://files.pythonhosted.org/packages/05/67/fb7ea2c869c539725a16c5bc294e9aa34f8b1b6fe702f1d173a5da517c2b/ruff-0.7.0-py3-none-manylinux_2_17_aarch64.manylinux2014_aarch64.whl", hash = "sha256:630fce3fefe9844e91ea5bbf7ceadab4f9981f42b704fae011bb8efcaf5d84be", size = 10755174 },
    { url = "https://files.pythonhosted.org/packages/5f/f0/13703bc50536a0613ea3dce991116e5f0917a1f05528c6ab738b33c08d3f/ruff-0.7.0-py3-none-manylinux_2_17_armv7l.manylinux2014_armv7l.whl", hash = "sha256:211d877674e9373d4bb0f1c80f97a0201c61bcd1e9d045b6e9726adc42c156aa", size = 10196040 },
    { url = "https://files.pythonhosted.org/packages/99/c1/77b04ab20324ab03d333522ee55fb0f1c38e3ca0d326b4905f82ce6b6c70/ruff-0.7.0-py3-none-manylinux_2_17_i686.manylinux2014_i686.whl", hash = "sha256:194d6c46c98c73949a106425ed40a576f52291c12bc21399eb8f13a0f7073495", size = 11033684 },
    { url = "https://files.pythonhosted.org/packages/f2/97/f463334dc4efeea3551cd109163df15561c18a1c3ec13d51643740fd36ba/ruff-0.7.0-py3-none-manylinux_2_17_ppc64.manylinux2014_ppc64.whl", hash = "sha256:82c2579b82b9973a110fab281860403b397c08c403de92de19568f32f7178598", size = 11803700 },
    { url = "https://files.pythonhosted.org/packages/b4/f8/a31d40c4bb92933d376a53e7c5d0245d9b27841357e4820e96d38f54b480/ruff-0.7.0-py3-none-manylinux_2_17_ppc64le.manylinux2014_ppc64le.whl", hash = "sha256:9af971fe85dcd5eaed8f585ddbc6bdbe8c217fb8fcf510ea6bca5bdfff56040e", size = 11347848 },
    { url = "https://files.pythonhosted.org/packages/83/62/0c133b35ddaf91c65c30a56718b80bdef36bfffc35684d29e3a4878e0ea3/ruff-0.7.0-py3-none-manylinux_2_17_s390x.manylinux2014_s390x.whl", hash = "sha256:b641c7f16939b7d24b7bfc0be4102c56562a18281f84f635604e8a6989948914", size = 12480632 },
    { url = "https://files.pythonhosted.org/packages/46/96/464058dd1d980014fb5aa0a1254e78799efb3096fc7a4823cd66a1621276/ruff-0.7.0-py3-none-manylinux_2_17_x86_64.manylinux2014_x86_64.whl", hash = "sha256:d71672336e46b34e0c90a790afeac8a31954fd42872c1f6adaea1dff76fd44f9", size = 10941919 },
    { url = "https://files.pythonhosted.org/packages/a0/f7/bda37ec77986a435dde44e1f59374aebf4282a5fa9cf17735315b847141f/ruff-0.7.0-py3-none-musllinux_1_2_aarch64.whl", hash = "sha256:ab7d98c7eed355166f367597e513a6c82408df4181a937628dbec79abb2a1fe4", size = 10745519 },
    { url = "https://files.pythonhosted.org/packages/c2/33/5f77fc317027c057b61a848020a47442a1cbf12e592df0e41e21f4d0f3bd/ruff-0.7.0-py3-none-musllinux_1_2_armv7l.whl", hash = "sha256:1eb54986f770f49edb14f71d33312d79e00e629a57387382200b1ef12d6a4ef9", size = 10284872 },
    { url = "https://files.pythonhosted.org/packages/ff/50/98aec292bc9537f640b8d031c55f3414bf15b6ed13b3e943fed75ac927b9/ruff-0.7.0-py3-none-musllinux_1_2_i686.whl", hash = "sha256:dc452ba6f2bb9cf8726a84aa877061a2462afe9ae0ea1d411c53d226661c601d", size = 10600334 },
    { url = "https://files.pythonhosted.org/packages/f2/85/12607ae3201423a179b8cfadc7cb1e57d02cd0135e45bd0445acb4cef327/ruff-0.7.0-py3-none-musllinux_1_2_x86_64.whl", hash = "sha256:4b406c2dce5be9bad59f2de26139a86017a517e6bcd2688da515481c05a2cb11", size = 11017333 },
    { url = "https://files.pythonhosted.org/packages/d4/7f/3b85a56879e705d5f46ec14daf8a439fca05c3081720fe3dc3209100922d/ruff-0.7.0-py3-none-win32.whl", hash = "sha256:f6c968509f767776f524a8430426539587d5ec5c662f6addb6aa25bc2e8195ec", size = 8570962 },
    { url = "https://files.pythonhosted.org/packages/39/9f/c5ee2b40d377354dabcc23cff47eb299de4b4d06d345068f8f8cc1eadac8/ruff-0.7.0-py3-none-win_amd64.whl", hash = "sha256:ff4aabfbaaba880e85d394603b9e75d32b0693152e16fa659a3064a85df7fce2", size = 9365544 },
    { url = "https://files.pythonhosted.org/packages/89/8b/ee1509f60148cecba644aa718f6633216784302458340311898aaf0b1bed/ruff-0.7.0-py3-none-win_arm64.whl", hash = "sha256:10842f69c245e78d6adec7e1db0a7d9ddc2fff0621d730e61657b64fa36f207e", size = 8695763 },
]

[[package]]
name = "scapy"
version = "2.6.0"
source = { registry = "https://pypi.org/simple" }
sdist = { url = "https://files.pythonhosted.org/packages/70/ca/17cc6ee0dbf342193732312f14bfc879dd162570287fd9f65ac1eb8a9c5f/scapy-2.6.0.tar.gz", hash = "sha256:c8f7eb54511c2fab502128ccf18e2e4b98e1f6af6e02ae15b84ad3039143ba3b", size = 2252389 }
wheels = [
    { url = "https://files.pythonhosted.org/packages/a2/b9/f22f63a901ac642d8e3cbcd017aa71fc3b4e50bde5e8a97cd9b9fddee42e/scapy-2.6.0-py3-none-any.whl", hash = "sha256:6cf241e9b93f3b93bbb48fc259edb1d1f14ba1d88d72c80fb66b3b02eb5493dc", size = 2426322 },
]

[[package]]
name = "setuptools"
version = "75.2.0"
source = { registry = "https://pypi.org/simple" }
sdist = { url = "https://files.pythonhosted.org/packages/07/37/b31be7e4b9f13b59cde9dcaeff112d401d49e0dc5b37ed4a9fc8fb12f409/setuptools-75.2.0.tar.gz", hash = "sha256:753bb6ebf1f465a1912e19ed1d41f403a79173a9acf66a42e7e6aec45c3c16ec", size = 1350308 }
wheels = [
    { url = "https://files.pythonhosted.org/packages/31/2d/90165d51ecd38f9a02c6832198c13a4e48652485e2ccf863ebb942c531b6/setuptools-75.2.0-py3-none-any.whl", hash = "sha256:a7fcb66f68b4d9e8e66b42f9876150a3371558f98fa32222ffaa5bced76406f8", size = 1249825 },
]

[[package]]
name = "types-protobuf"
version = "5.28.0.20240924"
source = { registry = "https://pypi.org/simple" }
sdist = { url = "https://files.pythonhosted.org/packages/90/c3/217fe2c6a4b8ed75c5ecbd27ae8dedd7bc8e8728ac4b29d16005d3a3aba2/types-protobuf-5.28.0.20240924.tar.gz", hash = "sha256:d181af8a256e5a91ce8d5adb53496e880efd9144c7d54483e3653332b60296f0", size = 54324 }
wheels = [
    { url = "https://files.pythonhosted.org/packages/61/2b/98bfe67a73b15964513b471ce10b610ab0df28825900e0e7517b2bf23952/types_protobuf-5.28.0.20240924-py3-none-any.whl", hash = "sha256:5cecf612ccdefb7dc95f7a51fb502902f20fc2e6681cd500184aaa1b3931d6a7", size = 68761 },
]

[[package]]
name = "typing-extensions"
version = "4.12.2"
source = { registry = "https://pypi.org/simple" }
sdist = { url = "https://files.pythonhosted.org/packages/df/db/f35a00659bc03fec321ba8bce9420de607a1d37f8342eee1863174c69557/typing_extensions-4.12.2.tar.gz", hash = "sha256:1a7ead55c7e559dd4dee8856e3a88b41225abfe1ce8df57b7c13915fe121ffb8", size = 85321 }
wheels = [
    { url = "https://files.pythonhosted.org/packages/26/9f/ad63fc0248c5379346306f8668cda6e2e2e9c95e01216d2b8ffd9ff037d0/typing_extensions-4.12.2-py3-none-any.whl", hash = "sha256:04e5ca0351e0f3f85c6853954072df659d0d13fac324d0072316b67d7794700d", size = 37438 },
]
